
Microsoft Visual Studio Solution File, Format Version 12.00
# Visual Studio Version 17
VisualStudioVersion = 17.3.32901.215
MinimumVisualStudioVersion = 10.0.40219.1
Project("{FAE04EC0-301F-11D3-BF4B-00C04F79EFBC}") = "EIS", "EIS\EIS.csproj", "{016097D0-2FFC-429B-8458-08F38A1F2915}"
EndProject
Project("{FAE04EC0-301F-11D3-BF4B-00C04F79EFBC}") = "HashPassword", "HashPassword\HashPassword.csproj", "{C0C266BC-D33F-41D6-8BC6-666EA3B43D3C}"
EndProject
Global
	GlobalSection(SolutionConfigurationPlatforms) = preSolution
		Debug|Any CPU = Debug|Any CPU
		Release|Any CPU = Release|Any CPU
	EndGlobalSection
	GlobalSection(ProjectConfigurationPlatforms) = postSolution
		{016097D0-2FFC-429B-8458-08F38A1F2915}.Debug|Any CPU.ActiveCfg = Debug|Any CPU
		{016097D0-2FFC-429B-8458-08F38A1F2915}.Debug|Any CPU.Build.0 = Debug|Any CPU
		{016097D0-2FFC-429B-8458-08F38A1F2915}.Release|Any CPU.ActiveCfg = Release|Any CPU
		{016097D0-2FFC-429B-8458-08F38A1F2915}.Release|Any CPU.Build.0 = Release|Any CPU
		{C0C266BC-D33F-41D6-8BC6-666EA3B43D3C}.Debug|Any CPU.ActiveCfg = Debug|Any CPU
		{C0C266BC-D33F-41D6-8BC6-666EA3B43D3C}.Debug|Any CPU.Build.0 = Debug|Any CPU
		{C0C266BC-D33F-41D6-8BC6-666EA3B43D3C}.Release|Any CPU.ActiveCfg = Release|Any CPU
		{C0C266BC-D33F-41D6-8BC6-666EA3B43D3C}.Release|Any CPU.Build.0 = Release|Any CPU
	EndGlobalSection
	GlobalSection(SolutionProperties) = preSolution
		HideSolutionNode = FALSE
	EndGlobalSection
	GlobalSection(ExtensibilityGlobals) = postSolution
		SolutionGuid = {1298752B-2E07-42E9-930C-92A711DC0045}
	EndGlobalSection
EndGlobal
